// !$*UTF8*$!
{
	archiveVersion = 1;
	classes = {
	};
	objectVersion = 52;
	objects = {

/* Begin PBXBuildFile section */
		9588748D25C82612001EB3F2 /* ViewInspector in Frameworks */ = {isa = PBXBuildFile; productRef = 9588748C25C82612001EB3F2 /* ViewInspector */; };
		95A7FDC425C822DF005AF4B1 /* ViewInspectorInSwiftUIApp.swift in Sources */ = {isa = PBXBuildFile; fileRef = 95A7FDC325C822DF005AF4B1 /* ViewInspectorInSwiftUIApp.swift */; };
		95A7FDC625C822DF005AF4B1 /* ContentView.swift in Sources */ = {isa = PBXBuildFile; fileRef = 95A7FDC525C822DF005AF4B1 /* ContentView.swift */; };
		95A7FDC825C822E0005AF4B1 /* Assets.xcassets in Resources */ = {isa = PBXBuildFile; fileRef = 95A7FDC725C822E0005AF4B1 /* Assets.xcassets */; };
		95A7FDCB25C822E0005AF4B1 /* Preview Assets.xcassets in Resources */ = {isa = PBXBuildFile; fileRef = 95A7FDCA25C822E0005AF4B1 /* Preview Assets.xcassets */; };
		95A7FDDE25C823D2005AF4B1 /* ViewInspectorInSwiftUITests.swift in Sources */ = {isa = PBXBuildFile; fileRef = 95A7FDDD25C823D2005AF4B1 /* ViewInspectorInSwiftUITests.swift */; };
/* End PBXBuildFile section */

/* Begin PBXContainerItemProxy section */
		95A7FDE025C823D2005AF4B1 /* PBXContainerItemProxy */ = {
			isa = PBXContainerItemProxy;
			containerPortal = 95A7FDB825C822DF005AF4B1 /* Project object */;
			proxyType = 1;
			remoteGlobalIDString = 95A7FDBF25C822DF005AF4B1;
			remoteInfo = ViewInspectorInSwiftUI;
		};
/* End PBXContainerItemProxy section */

/* Begin PBXFileReference section */
		95A7FDC025C822DF005AF4B1 /* ViewInspectorInSwiftUI.app */ = {isa = PBXFileReference; explicitFileType = wrapper.application; includeInIndex = 0; path = ViewInspectorInSwiftUI.app; sourceTree = BUILT_PRODUCTS_DIR; };
		95A7FDC325C822DF005AF4B1 /* ViewInspectorInSwiftUIApp.swift */ = {isa = PBXFileReference; lastKnownFileType = sourcecode.swift; path = ViewInspectorInSwiftUIApp.swift; sourceTree = "<group>"; };
		95A7FDC525C822DF005AF4B1 /* ContentView.swift */ = {isa = PBXFileReference; lastKnownFileType = sourcecode.swift; path = ContentView.swift; sourceTree = "<group>"; };
		95A7FDC725C822E0005AF4B1 /* Assets.xcassets */ = {isa = PBXFileReference; lastKnownFileType = folder.assetcatalog; path = Assets.xcassets; sourceTree = "<group>"; };
		95A7FDCA25C822E0005AF4B1 /* Preview Assets.xcassets */ = {isa = PBXFileReference; lastKnownFileType = folder.assetcatalog; path = "Preview Assets.xcassets"; sourceTree = "<group>"; };
		95A7FDCC25C822E0005AF4B1 /* Info.plist */ = {isa = PBXFileReference; lastKnownFileType = text.plist.xml; path = Info.plist; sourceTree = "<group>"; };
		95A7FDDB25C823D2005AF4B1 /* ViewInspectorInSwiftUITests.xctest */ = {isa = PBXFileReference; explicitFileType = wrapper.cfbundle; includeInIndex = 0; path = ViewInspectorInSwiftUITests.xctest; sourceTree = BUILT_PRODUCTS_DIR; };
		95A7FDDD25C823D2005AF4B1 /* ViewInspectorInSwiftUITests.swift */ = {isa = PBXFileReference; lastKnownFileType = sourcecode.swift; path = ViewInspectorInSwiftUITests.swift; sourceTree = "<group>"; };
		95A7FDDF25C823D2005AF4B1 /* Info.plist */ = {isa = PBXFileReference; lastKnownFileType = text.plist.xml; path = Info.plist; sourceTree = "<group>"; };
/* End PBXFileReference section */

/* Begin PBXFrameworksBuildPhase section */
		95A7FDBD25C822DF005AF4B1 /* Frameworks */ = {
			isa = PBXFrameworksBuildPhase;
			buildActionMask = 2147483647;
			files = (
			);
			runOnlyForDeploymentPostprocessing = 0;
		};
		95A7FDD825C823D2005AF4B1 /* Frameworks */ = {
			isa = PBXFrameworksBuildPhase;
			buildActionMask = 2147483647;
			files = (
				9588748D25C82612001EB3F2 /* ViewInspector in Frameworks */,
			);
			runOnlyForDeploymentPostprocessing = 0;
		};
/* End PBXFrameworksBuildPhase section */

/* Begin PBXGroup section */
		95A7FDB725C822DF005AF4B1 = {
			isa = PBXGroup;
			children = (
				95A7FDC225C822DF005AF4B1 /* ViewInspectorInSwiftUI */,
				95A7FDDC25C823D2005AF4B1 /* ViewInspectorInSwiftUITests */,
				95A7FDC125C822DF005AF4B1 /* Products */,
			);
			sourceTree = "<group>";
		};
		95A7FDC125C822DF005AF4B1 /* Products */ = {
			isa = PBXGroup;
			children = (
				95A7FDC025C822DF005AF4B1 /* ViewInspectorInSwiftUI.app */,
				95A7FDDB25C823D2005AF4B1 /* ViewInspectorInSwiftUITests.xctest */,
			);
			name = Products;
			sourceTree = "<group>";
		};
		95A7FDC225C822DF005AF4B1 /* ViewInspectorInSwiftUI */ = {
			isa = PBXGroup;
			children = (
				95A7FDC325C822DF005AF4B1 /* ViewInspectorInSwiftUIApp.swift */,
				95A7FDC525C822DF005AF4B1 /* ContentView.swift */,
				95A7FDC725C822E0005AF4B1 /* Assets.xcassets */,
				95A7FDCC25C822E0005AF4B1 /* Info.plist */,
				95A7FDC925C822E0005AF4B1 /* Preview Content */,
			);
			path = ViewInspectorInSwiftUI;
			sourceTree = "<group>";
		};
		95A7FDC925C822E0005AF4B1 /* Preview Content */ = {
			isa = PBXGroup;
			children = (
				95A7FDCA25C822E0005AF4B1 /* Preview Assets.xcassets */,
			);
			path = "Preview Content";
			sourceTree = "<group>";
		};
		95A7FDDC25C823D2005AF4B1 /* ViewInspectorInSwiftUITests */ = {
			isa = PBXGroup;
			children = (
				95A7FDDD25C823D2005AF4B1 /* ViewInspectorInSwiftUITests.swift */,
				95A7FDDF25C823D2005AF4B1 /* Info.plist */,
			);
			path = ViewInspectorInSwiftUITests;
			sourceTree = "<group>";
		};
/* End PBXGroup section */

/* Begin PBXNativeTarget section */
		95A7FDBF25C822DF005AF4B1 /* ViewInspectorInSwiftUI */ = {
			isa = PBXNativeTarget;
			buildConfigurationList = 95A7FDCF25C822E0005AF4B1 /* Build configuration list for PBXNativeTarget "ViewInspectorInSwiftUI" */;
			buildPhases = (
				95A7FDBC25C822DF005AF4B1 /* Sources */,
				95A7FDBD25C822DF005AF4B1 /* Frameworks */,
				95A7FDBE25C822DF005AF4B1 /* Resources */,
			);
			buildRules = (
			);
			dependencies = (
			);
			name = ViewInspectorInSwiftUI;
			packageProductDependencies = (
			);
			productName = ViewInspectorInSwiftUI;
			productReference = 95A7FDC025C822DF005AF4B1 /* ViewInspectorInSwiftUI.app */;
			productType = "com.apple.product-type.application";
		};
		95A7FDDA25C823D2005AF4B1 /* ViewInspectorInSwiftUITests */ = {
			isa = PBXNativeTarget;
			buildConfigurationList = 95A7FDE225C823D2005AF4B1 /* Build configuration list for PBXNativeTarget "ViewInspectorInSwiftUITests" */;
			buildPhases = (
				95A7FDD725C823D2005AF4B1 /* Sources */,
				95A7FDD825C823D2005AF4B1 /* Frameworks */,
				95A7FDD925C823D2005AF4B1 /* Resources */,
			);
			buildRules = (
			);
			dependencies = (
				95A7FDE125C823D2005AF4B1 /* PBXTargetDependency */,
			);
			name = ViewInspectorInSwiftUITests;
			packageProductDependencies = (
				9588748C25C82612001EB3F2 /* ViewInspector */,
			);
			productName = ViewInspectorInSwiftUITests;
			productReference = 95A7FDDB25C823D2005AF4B1 /* ViewInspectorInSwiftUITests.xctest */;
			productType = "com.apple.product-type.bundle.unit-test";
		};
/* End PBXNativeTarget section */

/* Begin PBXProject section */
		95A7FDB825C822DF005AF4B1 /* Project object */ = {
			isa = PBXProject;
			attributes = {
				LastSwiftUpdateCheck = 1240;
				LastUpgradeCheck = 1240;
				TargetAttributes = {
					95A7FDBF25C822DF005AF4B1 = {
						CreatedOnToolsVersion = 12.4;
					};
					95A7FDDA25C823D2005AF4B1 = {
						CreatedOnToolsVersion = 12.4;
						TestTargetID = 95A7FDBF25C822DF005AF4B1;
					};
				};
			};
			buildConfigurationList = 95A7FDBB25C822DF005AF4B1 /* Build configuration list for PBXProject "ViewInspectorInSwiftUI" */;
			compatibilityVersion = "Xcode 9.3";
			developmentRegion = en;
			hasScannedForEncodings = 0;
			knownRegions = (
				en,
				Base,
			);
			mainGroup = 95A7FDB725C822DF005AF4B1;
			packageReferences = (
				9588748B25C82612001EB3F2 /* XCRemoteSwiftPackageReference "ViewInspector" */,
			);
			productRefGroup = 95A7FDC125C822DF005AF4B1 /* Products */;
			projectDirPath = "";
			projectRoot = "";
			targets = (
				95A7FDBF25C822DF005AF4B1 /* ViewInspectorInSwiftUI */,
				95A7FDDA25C823D2005AF4B1 /* ViewInspectorInSwiftUITests */,
			);
		};
/* End PBXProject section */

/* Begin PBXResourcesBuildPhase section */
		95A7FDBE25C822DF005AF4B1 /* Resources */ = {
			isa = PBXResourcesBuildPhase;
			buildActionMask = 2147483647;
			files = (
				95A7FDCB25C822E0005AF4B1 /* Preview Assets.xcassets in Resources */,
				95A7FDC825C822E0005AF4B1 /* Assets.xcassets in Resources */,
			);
			runOnlyForDeploymentPostprocessing = 0;
		};
		95A7FDD925C823D2005AF4B1 /* Resources */ = {
			isa = PBXResourcesBuildPhase;
			buildActionMask = 2147483647;
			files = (
			);
			runOnlyForDeploymentPostprocessing = 0;
		};
/* End PBXResourcesBuildPhase section */

/* Begin PBXSourcesBuildPhase section */
		95A7FDBC25C822DF005AF4B1 /* Sources */ = {
			isa = PBXSourcesBuildPhase;
			buildActionMask = 2147483647;
			files = (
				95A7FDC625C822DF005AF4B1 /* ContentView.swift in Sources */,
				95A7FDC425C822DF005AF4B1 /* ViewInspectorInSwiftUIApp.swift in Sources */,
			);
			runOnlyForDeploymentPostprocessing = 0;
		};
		95A7FDD725C823D2005AF4B1 /* Sources */ = {
			isa = PBXSourcesBuildPhase;
			buildActionMask = 2147483647;
			files = (
				95A7FDDE25C823D2005AF4B1 /* ViewInspectorInSwiftUITests.swift in Sources */,
			);
			runOnlyForDeploymentPostprocessing = 0;
		};
/* End PBXSourcesBuildPhase section */

/* Begin PBXTargetDependency section */
		95A7FDE125C823D2005AF4B1 /* PBXTargetDependency */ = {
			isa = PBXTargetDependency;
			target = 95A7FDBF25C822DF005AF4B1 /* ViewInspectorInSwiftUI */;
			targetProxy = 95A7FDE025C823D2005AF4B1 /* PBXContainerItemProxy */;
		};
/* End PBXTargetDependency section */

/* Begin XCBuildConfiguration section */
		95A7FDCD25C822E0005AF4B1 /* Debug */ = {
			isa = XCBuildConfiguration;
			buildSettings = {
				ALWAYS_SEARCH_USER_PATHS = NO;
				CLANG_ANALYZER_NONNULL = YES;
				CLANG_ANALYZER_NUMBER_OBJECT_CONVERSION = YES_AGGRESSIVE;
				CLANG_CXX_LANGUAGE_STANDARD = "gnu++14";
				CLANG_CXX_LIBRARY = "libc++";
				CLANG_ENABLE_MODULES = YES;
				CLANG_ENABLE_OBJC_ARC = YES;
				CLANG_ENABLE_OBJC_WEAK = YES;
				CLANG_WARN_BLOCK_CAPTURE_AUTORELEASING = YES;
				CLANG_WARN_BOOL_CONVERSION = YES;
				CLANG_WARN_COMMA = YES;
				CLANG_WARN_CONSTANT_CONVERSION = YES;
				CLANG_WARN_DEPRECATED_OBJC_IMPLEMENTATIONS = YES;
				CLANG_WARN_DIRECT_OBJC_ISA_USAGE = YES_ERROR;
				CLANG_WARN_DOCUMENTATION_COMMENTS = YES;
				CLANG_WARN_EMPTY_BODY = YES;
				CLANG_WARN_ENUM_CONVERSION = YES;
				CLANG_WARN_INFINITE_RECURSION = YES;
				CLANG_WARN_INT_CONVERSION = YES;
				CLANG_WARN_NON_LITERAL_NULL_CONVERSION = YES;
				CLANG_WARN_OBJC_IMPLICIT_RETAIN_SELF = YES;
				CLANG_WARN_OBJC_LITERAL_CONVERSION = YES;
				CLANG_WARN_OBJC_ROOT_CLASS = YES_ERROR;
				CLANG_WARN_QUOTED_INCLUDE_IN_FRAMEWORK_HEADER = YES;
				CLANG_WARN_RANGE_LOOP_ANALYSIS = YES;
				CLANG_WARN_STRICT_PROTOTYPES = YES;
				CLANG_WARN_SUSPICIOUS_MOVE = YES;
				CLANG_WARN_UNGUARDED_AVAILABILITY = YES_AGGRESSIVE;
				CLANG_WARN_UNREACHABLE_CODE = YES;
				CLANG_WARN__DUPLICATE_METHOD_MATCH = YES;
				COPY_PHASE_STRIP = NO;
				DEBUG_INFORMATION_FORMAT = dwarf;
				ENABLE_STRICT_OBJC_MSGSEND = YES;
				ENABLE_TESTABILITY = YES;
				GCC_C_LANGUAGE_STANDARD = gnu11;
				GCC_DYNAMIC_NO_PIC = NO;
				GCC_NO_COMMON_BLOCKS = YES;
				GCC_OPTIMIZATION_LEVEL = 0;
				GCC_PREPROCESSOR_DEFINITIONS = (
					"DEBUG=1",
					"$(inherited)",
				);
				GCC_WARN_64_TO_32_BIT_CONVERSION = YES;
				GCC_WARN_ABOUT_RETURN_TYPE = YES_ERROR;
				GCC_WARN_UNDECLARED_SELECTOR = YES;
				GCC_WARN_UNINITIALIZED_AUTOS = YES_AGGRESSIVE;
				GCC_WARN_UNUSED_FUNCTION = YES;
				GCC_WARN_UNUSED_VARIABLE = YES;
				IPHONEOS_DEPLOYMENT_TARGET = 14.4;
				MTL_ENABLE_DEBUG_INFO = INCLUDE_SOURCE;
				MTL_FAST_MATH = YES;
				ONLY_ACTIVE_ARCH = YES;
				SDKROOT = iphoneos;
				SWIFT_ACTIVE_COMPILATION_CONDITIONS = DEBUG;
				SWIFT_OPTIMIZATION_LEVEL = "-Onone";
			};
			name = Debug;
		};
		95A7FDCE25C822E0005AF4B1 /* Release */ = {
			isa = XCBuildConfiguration;
			buildSettings = {
				ALWAYS_SEARCH_USER_PATHS = NO;
				CLANG_ANALYZER_NONNULL = YES;
				CLANG_ANALYZER_NUMBER_OBJECT_CONVERSION = YES_AGGRESSIVE;
				CLANG_CXX_LANGUAGE_STANDARD = "gnu++14";
				CLANG_CXX_LIBRARY = "libc++";
				CLANG_ENABLE_MODULES = YES;
				CLANG_ENABLE_OBJC_ARC = YES;
				CLANG_ENABLE_OBJC_WEAK = YES;
				CLANG_WARN_BLOCK_CAPTURE_AUTORELEASING = YES;
				CLANG_WARN_BOOL_CONVERSION = YES;
				CLANG_WARN_COMMA = YES;
				CLANG_WARN_CONSTANT_CONVERSION = YES;
				CLANG_WARN_DEPRECATED_OBJC_IMPLEMENTATIONS = YES;
				CLANG_WARN_DIRECT_OBJC_ISA_USAGE = YES_ERROR;
				CLANG_WARN_DOCUMENTATION_COMMENTS = YES;
				CLANG_WARN_EMPTY_BODY = YES;
				CLANG_WARN_ENUM_CONVERSION = YES;
				CLANG_WARN_INFINITE_RECURSION = YES;
				CLANG_WARN_INT_CONVERSION = YES;
				CLANG_WARN_NON_LITERAL_NULL_CONVERSION = YES;
				CLANG_WARN_OBJC_IMPLICIT_RETAIN_SELF = YES;
				CLANG_WARN_OBJC_LITERAL_CONVERSION = YES;
				CLANG_WARN_OBJC_ROOT_CLASS = YES_ERROR;
				CLANG_WARN_QUOTED_INCLUDE_IN_FRAMEWORK_HEADER = YES;
				CLANG_WARN_RANGE_LOOP_ANALYSIS = YES;
				CLANG_WARN_STRICT_PROTOTYPES = YES;
				CLANG_WARN_SUSPICIOUS_MOVE = YES;
				CLANG_WARN_UNGUARDED_AVAILABILITY = YES_AGGRESSIVE;
				CLANG_WARN_UNREACHABLE_CODE = YES;
				CLANG_WARN__DUPLICATE_METHOD_MATCH = YES;
				COPY_PHASE_STRIP = NO;
				DEBUG_INFORMATION_FORMAT = "dwarf-with-dsym";
				ENABLE_NS_ASSERTIONS = NO;
				ENABLE_STRICT_OBJC_MSGSEND = YES;
				GCC_C_LANGUAGE_STANDARD = gnu11;
				GCC_NO_COMMON_BLOCKS = YES;
				GCC_WARN_64_TO_32_BIT_CONVERSION = YES;
				GCC_WARN_ABOUT_RETURN_TYPE = YES_ERROR;
				GCC_WARN_UNDECLARED_SELECTOR = YES;
				GCC_WARN_UNINITIALIZED_AUTOS = YES_AGGRESSIVE;
				GCC_WARN_UNUSED_FUNCTION = YES;
				GCC_WARN_UNUSED_VARIABLE = YES;
				IPHONEOS_DEPLOYMENT_TARGET = 14.4;
				MTL_ENABLE_DEBUG_INFO = NO;
				MTL_FAST_MATH = YES;
				SDKROOT = iphoneos;
				SWIFT_COMPILATION_MODE = wholemodule;
				SWIFT_OPTIMIZATION_LEVEL = "-O";
				VALIDATE_PRODUCT = YES;
			};
			name = Release;
		};
		95A7FDD025C822E0005AF4B1 /* Debug */ = {
			isa = XCBuildConfiguration;
			buildSettings = {
				ASSETCATALOG_COMPILER_APPICON_NAME = AppIcon;
				ASSETCATALOG_COMPILER_GLOBAL_ACCENT_COLOR_NAME = AccentColor;
				CODE_SIGN_STYLE = Automatic;
				DEVELOPMENT_ASSET_PATHS = "\"ViewInspectorInSwiftUI/Preview Content\"";
				DEVELOPMENT_TEAM = L8W86DZDY2;
				ENABLE_PREVIEWS = YES;
				INFOPLIST_FILE = ViewInspectorInSwiftUI/Info.plist;
				IPHONEOS_DEPLOYMENT_TARGET = 14.0;
				LD_RUNPATH_SEARCH_PATHS = (
					"$(inherited)",
					"@executable_path/Frameworks",
				);
				PRODUCT_BUNDLE_IDENTIFIER = com.ri.ViewInspectorInSwiftUI;
				PRODUCT_NAME = "$(TARGET_NAME)";
				SWIFT_VERSION = 5.0;
				TARGETED_DEVICE_FAMILY = "1,2";
			};
			name = Debug;
		};
		95A7FDD125C822E0005AF4B1 /* Release */ = {
			isa = XCBuildConfiguration;
			buildSettings = {
				ASSETCATALOG_COMPILER_APPICON_NAME = AppIcon;
				ASSETCATALOG_COMPILER_GLOBAL_ACCENT_COLOR_NAME = AccentColor;
				CODE_SIGN_STYLE = Automatic;
				DEVELOPMENT_ASSET_PATHS = "\"ViewInspectorInSwiftUI/Preview Content\"";
				DEVELOPMENT_TEAM = L8W86DZDY2;
				ENABLE_PREVIEWS = YES;
				INFOPLIST_FILE = ViewInspectorInSwiftUI/Info.plist;
				IPHONEOS_DEPLOYMENT_TARGET = 14.0;
				LD_RUNPATH_SEARCH_PATHS = (
					"$(inherited)",
					"@executable_path/Frameworks",
				);
				PRODUCT_BUNDLE_IDENTIFIER = com.ri.ViewInspectorInSwiftUI;
				PRODUCT_NAME = "$(TARGET_NAME)";
				SWIFT_VERSION = 5.0;
				TARGETED_DEVICE_FAMILY = "1,2";
			};
			name = Release;
		};
		95A7FDE325C823D2005AF4B1 /* Debug */ = {
			isa = XCBuildConfiguration;
			buildSettings = {
				BUNDLE_LOADER = "$(TEST_HOST)";
				CODE_SIGN_STYLE = Automatic;
				DEVELOPMENT_TEAM = L8W86DZDY2;
				INFOPLIST_FILE = ViewInspectorInSwiftUITests/Info.plist;
				LD_RUNPATH_SEARCH_PATHS = (
					"$(inherited)",
					"@executable_path/Frameworks",
					"@loader_path/Frameworks",
				);
				PRODUCT_BUNDLE_IDENTIFIER = com.ri.ViewInspectorInSwiftUITests;
				PRODUCT_NAME = "$(TARGET_NAME)";
				SWIFT_VERSION = 5.0;
				TARGETED_DEVICE_FAMILY = "1,2";
				TEST_HOST = "$(BUILT_PRODUCTS_DIR)/ViewInspectorInSwiftUI.app/ViewInspectorInSwiftUI";
			};
			name = Debug;
		};
		95A7FDE425C823D2005AF4B1 /* Release */ = {
			isa = XCBuildConfiguration;
			buildSettings = {
				BUNDLE_LOADER = "$(TEST_HOST)";
				CODE_SIGN_STYLE = Automatic;
				DEVELOPMENT_TEAM = L8W86DZDY2;
				INFOPLIST_FILE = ViewInspectorInSwiftUITests/Info.plist;
				LD_RUNPATH_SEARCH_PATHS = (
					"$(inherited)",
					"@executable_path/Frameworks",
					"@loader_path/Frameworks",
				);
				PRODUCT_BUNDLE_IDENTIFIER = com.ri.ViewInspectorInSwiftUITests;
				PRODUCT_NAME = "$(TARGET_NAME)";
				SWIFT_VERSION = 5.0;
				TARGETED_DEVICE_FAMILY = "1,2";
				TEST_HOST = "$(BUILT_PRODUCTS_DIR)/ViewInspectorInSwiftUI.app/ViewInspectorInSwiftUI";
			};
			name = Release;
		};
/* End XCBuildConfiguration section */

/* Begin XCConfigurationList section */
		95A7FDBB25C822DF005AF4B1 /* Build configuration list for PBXProject "ViewInspectorInSwiftUI" */ = {
			isa = XCConfigurationList;
			buildConfigurations = (
				95A7FDCD25C822E0005AF4B1 /* Debug */,
				95A7FDCE25C822E0005AF4B1 /* Release */,
			);
			defaultConfigurationIsVisible = 0;
			defaultConfigurationName = Release;
		};
		95A7FDCF25C822E0005AF4B1 /* Build configuration list for PBXNativeTarget "ViewInspectorInSwiftUI" */ = {
			isa = XCConfigurationList;
			buildConfigurations = (
				95A7FDD025C822E0005AF4B1 /* Debug */,
				95A7FDD125C822E0005AF4B1 /* Release */,
			);
			defaultConfigurationIsVisible = 0;
			defaultConfigurationName = Release;
		};
		95A7FDE225C823D2005AF4B1 /* Build configuration list for PBXNativeTarget "ViewInspectorInSwiftUITests" */ = {
			isa = XCConfigurationList;
			buildConfigurations = (
				95A7FDE325C823D2005AF4B1 /* Debug */,
				95A7FDE425C823D2005AF4B1 /* Release */,
			);
			defaultConfigurationIsVisible = 0;
			defaultConfigurationName = Release;
		};
/* End XCConfigurationList section */

/* Begin XCRemoteSwiftPackageReference section */
		9588748B25C82612001EB3F2 /* XCRemoteSwiftPackageReference "ViewInspector" */ = {
			isa = XCRemoteSwiftPackageReference;
			repositoryURL = "https://github.com/nalexn/ViewInspector";
			requirement = {
				kind = upToNextMajorVersion;
				minimumVersion = 0.6.1;
			};
		};
/* End XCRemoteSwiftPackageReference section */

/* Begin XCSwiftPackageProductDependency section */
		9588748C25C82612001EB3F2 /* ViewInspector */ = {
			isa = XCSwiftPackageProductDependency;
			package = 9588748B25C82612001EB3F2 /* XCRemoteSwiftPackageReference "ViewInspector" */;
			productName = ViewInspector;
		};
/* End XCSwiftPackageProductDependency section */
	};
	rootObject = 95A7FDB825C822DF005AF4B1 /* Project object */;
}
